
Microsoft Visual Studio Solution File, Format Version 12.00
# Visual Studio Version 16
VisualStudioVersion = 16.0.31005.135
MinimumVisualStudioVersion = 10.0.40219.1
Project("{FAE04EC0-301F-11D3-BF4B-00C04F79EFBC}") = "ClassMetotDemo", "ClassMetotDemo\ClassMetotDemo.csproj", "{FBB548FA-FAFB-41E9-89EB-4FC43E77C5D9}"
EndProject
Global
	GlobalSection(SolutionConfigurationPlatforms) = preSolution
		Debug|Any CPU = Debug|Any CPU
		Release|Any CPU = Release|Any CPU
	EndGlobalSection
	GlobalSection(ProjectConfigurationPlatforms) = postSolution
		{FBB548FA-FAFB-41E9-89EB-4FC43E77C5D9}.Debug|Any CPU.ActiveCfg = Debug|Any CPU
		{FBB548FA-FAFB-41E9-89EB-4FC43E77C5D9}.Debug|Any CPU.Build.0 = Debug|Any CPU
		{FBB548FA-FAFB-41E9-89EB-4FC43E77C5D9}.Release|Any CPU.ActiveCfg = Release|Any CPU
		{FBB548FA-FAFB-41E9-89EB-4FC43E77C5D9}.Release|Any CPU.Build.0 = Release|Any CPU
	EndGlobalSection
	GlobalSection(SolutionProperties) = preSolution
		HideSolutionNode = FALSE
	EndGlobalSection
	GlobalSection(ExtensibilityGlobals) = postSolution
		SolutionGuid = {F9619F09-A30B-4FF7-963E-BDF984F89D41}
	EndGlobalSection
EndGlobal
